
Microsoft Visual Studio Solution File, Format Version 12.00
# Visual Studio Version 16
VisualStudioVersion = 16.0.30413.136
MinimumVisualStudioVersion = 10.0.40219.1
Project("{FAE04EC0-301F-11D3-BF4B-00C04F79EFBC}") = "ADS3_Aula_28_04_21_A", "ADS3_Aula_28_04_21_A\ADS3_Aula_28_04_21_A.csproj", "{712C9C94-D3E4-436E-8B74-56939CA114F5}"
EndProject
Global
	GlobalSection(SolutionConfigurationPlatforms) = preSolution
		Debug|Any CPU = Debug|Any CPU
		Release|Any CPU = Release|Any CPU
	EndGlobalSection
	GlobalSection(ProjectConfigurationPlatforms) = postSolution
		{712C9C94-D3E4-436E-8B74-56939CA114F5}.Debug|Any CPU.ActiveCfg = Debug|Any CPU
		{712C9C94-D3E4-436E-8B74-56939CA114F5}.Debug|Any CPU.Build.0 = Debug|Any CPU
		{712C9C94-D3E4-436E-8B74-56939CA114F5}.Release|Any CPU.ActiveCfg = Release|Any CPU
		{712C9C94-D3E4-436E-8B74-56939CA114F5}.Release|Any CPU.Build.0 = Release|Any CPU
	EndGlobalSection
	GlobalSection(SolutionProperties) = preSolution
		HideSolutionNode = FALSE
	EndGlobalSection
	GlobalSection(ExtensibilityGlobals) = postSolution
		SolutionGuid = {1206C36D-A8D9-41B7-9EC3-0A5283108799}
	EndGlobalSection
EndGlobal
