
Microsoft Visual Studio Solution File, Format Version 12.00
# Visual Studio Version 16
VisualStudioVersion = 16.0.30611.23
MinimumVisualStudioVersion = 10.0.40219.1
Project("{FAE04EC0-301F-11D3-BF4B-00C04F79EFBC}") = "Aula_24_03_2021", "Aula_24_03_2021.csproj", "{2975E08C-1062-423C-B1EE-6E96B0C418DD}"
EndProject
Global
	GlobalSection(SolutionConfigurationPlatforms) = preSolution
		Debug|Any CPU = Debug|Any CPU
		Release|Any CPU = Release|Any CPU
	EndGlobalSection
	GlobalSection(ProjectConfigurationPlatforms) = postSolution
		{2975E08C-1062-423C-B1EE-6E96B0C418DD}.Debug|Any CPU.ActiveCfg = Debug|Any CPU
		{2975E08C-1062-423C-B1EE-6E96B0C418DD}.Debug|Any CPU.Build.0 = Debug|Any CPU
		{2975E08C-1062-423C-B1EE-6E96B0C418DD}.Release|Any CPU.ActiveCfg = Release|Any CPU
		{2975E08C-1062-423C-B1EE-6E96B0C418DD}.Release|Any CPU.Build.0 = Release|Any CPU
	EndGlobalSection
	GlobalSection(SolutionProperties) = preSolution
		HideSolutionNode = FALSE
	EndGlobalSection
	GlobalSection(ExtensibilityGlobals) = postSolution
		SolutionGuid = {05EEFB2E-CF37-45D1-BC5A-3A026EF5B01F}
	EndGlobalSection
EndGlobal
